# This file is automatically @generated by Cargo.
# It is not intended for manual editing.
version = 3

[[package]]
name = "dict"
version = "0.1.5"
source = "registry+https://github.com/rust-lang/crates.io-index"
checksum = "39fbb71fba1e2c935f51b056de0d812d9b625b8165b2d7f8848902080fbdffb4"

[[package]]
name = "tfidf"
version = "0.1.0"
dependencies = [
 "dict",
]
